
Microsoft Visual Studio Solution File, Format Version 12.00
# Visual Studio Version 17
VisualStudioVersion = 17.8.34511.84
MinimumVisualStudioVersion = 10.0.40219.1
Project("{FAE04EC0-301F-11D3-BF4B-00C04F79EFBC}") = "RentACar-1", "RentACar-1\RentACar-1.csproj", "{DEAB646E-7908-42D7-898D-EF52F03F7AC7}"
EndProject
Global
	GlobalSection(SolutionConfigurationPlatforms) = preSolution
		Debug|Any CPU = Debug|Any CPU
		Release|Any CPU = Release|Any CPU
	EndGlobalSection
	GlobalSection(ProjectConfigurationPlatforms) = postSolution
		{DEAB646E-7908-42D7-898D-EF52F03F7AC7}.Debug|Any CPU.ActiveCfg = Debug|Any CPU
		{DEAB646E-7908-42D7-898D-EF52F03F7AC7}.Debug|Any CPU.Build.0 = Debug|Any CPU
		{DEAB646E-7908-42D7-898D-EF52F03F7AC7}.Release|Any CPU.ActiveCfg = Release|Any CPU
		{DEAB646E-7908-42D7-898D-EF52F03F7AC7}.Release|Any CPU.Build.0 = Release|Any CPU
	EndGlobalSection
	GlobalSection(SolutionProperties) = preSolution
		HideSolutionNode = FALSE
	EndGlobalSection
	GlobalSection(ExtensibilityGlobals) = postSolution
		SolutionGuid = {5E9D5BDB-E196-49F0-808C-15B831AB076D}
	EndGlobalSection
EndGlobal
